
Microsoft Visual Studio Solution File, Format Version 12.00
# Visual Studio Version 17
VisualStudioVersion = 17.1.32319.34
MinimumVisualStudioVersion = 10.0.40219.1
Project("{9A19103F-16F7-4668-BE54-9A1E7A4F7556}") = "DynamicSimulationConsole", "DynamicSimulationConsole.csproj", "{5D387A47-67B3-4BAC-ADBA-5390867F0B3F}"
EndProject
Global
	GlobalSection(SolutionConfigurationPlatforms) = preSolution
		Debug|Any CPU = Debug|Any CPU
		Release|Any CPU = Release|Any CPU
	EndGlobalSection
	GlobalSection(ProjectConfigurationPlatforms) = postSolution
		{5D387A47-67B3-4BAC-ADBA-5390867F0B3F}.Debug|Any CPU.ActiveCfg = Debug|Any CPU
		{5D387A47-67B3-4BAC-ADBA-5390867F0B3F}.Debug|Any CPU.Build.0 = Debug|Any CPU
		{5D387A47-67B3-4BAC-ADBA-5390867F0B3F}.Release|Any CPU.ActiveCfg = Release|Any CPU
		{5D387A47-67B3-4BAC-ADBA-5390867F0B3F}.Release|Any CPU.Build.0 = Release|Any CPU
	EndGlobalSection
	GlobalSection(SolutionProperties) = preSolution
		HideSolutionNode = FALSE
	EndGlobalSection
	GlobalSection(ExtensibilityGlobals) = postSolution
		SolutionGuid = {6522AF23-4073-4796-8ACB-F729C09CACB7}
	EndGlobalSection
EndGlobal
